
Microsoft Visual Studio Solution File, Format Version 12.00
# Visual Studio Version 17
VisualStudioVersion = 17.2.32408.312
MinimumVisualStudioVersion = 10.0.40219.1
Project("{FAE04EC0-301F-11D3-BF4B-00C04F79EFBC}") = "MarDeCortezDsk", "MarDeCortezDsk.csproj", "{4D13135B-042A-4A56-A549-C0A9053B88EE}"
EndProject
Global
	GlobalSection(SolutionConfigurationPlatforms) = preSolution
		Debug|Any CPU = Debug|Any CPU
		Release|Any CPU = Release|Any CPU
	EndGlobalSection
	GlobalSection(ProjectConfigurationPlatforms) = postSolution
		{4D13135B-042A-4A56-A549-C0A9053B88EE}.Debug|Any CPU.ActiveCfg = Debug|Any CPU
		{4D13135B-042A-4A56-A549-C0A9053B88EE}.Debug|Any CPU.Build.0 = Debug|Any CPU
		{4D13135B-042A-4A56-A549-C0A9053B88EE}.Release|Any CPU.ActiveCfg = Release|Any CPU
		{4D13135B-042A-4A56-A549-C0A9053B88EE}.Release|Any CPU.Build.0 = Release|Any CPU
	EndGlobalSection
	GlobalSection(SolutionProperties) = preSolution
		HideSolutionNode = FALSE
	EndGlobalSection
	GlobalSection(ExtensibilityGlobals) = postSolution
		SolutionGuid = {064AFD70-825D-4545-A5ED-FEF553B35ADE}
	EndGlobalSection
EndGlobal
